github.com/davecgh/go-spew v1.1.1/go.mod h1:J7Y8YcW2NihsgmVo/mv3lAwl/skON4iLHjSsI+c5H38=
github.com/emicklei/proto v1.6.13 h1:8iuAuKbFmFhkmstObb0EV/Hrn9W+x6EuV1y5Da8Ye9E=
github.com/emicklei/proto v1.6.13/go.mod h1:rn1FgRS/FANiZdD2djyH7TMA9jdRDcYQ9IEN9yvjX0A=
github.com/nilslice/protolock v0.14.0 h1:Alp01LXchkMfzmPxq6VAwA+V3YOKVk47hB6m33kSN9k=
github.com/nilslice/protolock v0.14.0/go.mod h1:JJVszOtG1cFq2pcPRekD9KDIkgGMikY/mwQjQf9l+cQ=
github.com/pmezard/go-difflib v1.0.0/go.mod h1:iKH77koFhYxTK1pcRnkKkqfTogsbg7gZNVY4sRDYZ/4=
github.com/stretchr/testify v1.2.2/go.mod h1:a8OnRcib4nhh0OaRAV+Yts87kKdq0PP7pXfy6kDkUVs=
